// !$*UTF8*$!
{
	archiveVersion = 1;
	classes = {
	};
	objectVersion = 77;
	objects = {

/* Begin PBXBuildFile section */
		D261714B303DC6CA00DDF798 /* EndelApp.swift in Sources */ = {isa = PBXBuildFile; fileRef = D261714A303DC6CA00DDF798 /* EndelApp.swift */; };
		D261714D303DC6CA00DDF798 /* ContentView.swift in Sources */ = {isa = PBXBuildFile; fileRef = D261714C303DC6CA00DDF798 /* ContentView.swift */; };
		D2617192303DC8E100DDF798 /* WidgetKit.framework in Frameworks */ = {isa = PBXBuildFile; fileRef = D2617191303DC8E100DDF798 /* WidgetKit.framework */; };
		D2617194303DC8E100DDF798 /* SwiftUI.framework in Frameworks */ = {isa = PBXBuildFile; fileRef = D2617193303DC8E100DDF798 /* SwiftUI.framework */; };
		D26171A1303DC8E300DDF798 /* EndelWidgetExtension.appex in Embed Foundation Extensions */ = {isa = PBXBuildFile; fileRef = D261718F303DC8E100DDF798 /* EndelWidgetExtension.appex */; settings = {ATTRIBUTES = (RemoveHeadersOnCopy, ); }; };
		D26171A8303DC94500DDF798 /* Limooonik.xcframework in Frameworks */ = {isa = PBXBuildFile; fileRef = D26171A7303DC94500DDF798 /* Limooonik.xcframework */; };
		D26171A9303DC98E00DDF798 /* Limooonik.xcframework in Frameworks */ = {isa = PBXBuildFile; fileRef = D26171A7303DC94500DDF798 /* Limooonik.xcframework */; };
		D26171AA303DC98E00DDF798 /* Limooonik.xcframework in Embed Frameworks */ = {isa = PBXBuildFile; fileRef = D26171A7303DC94500DDF798 /* Limooonik.xcframework */; settings = {ATTRIBUTES = (CodeSignOnCopy, RemoveHeadersOnCopy, ); }; };
/* End PBXBuildFile section */

/* Begin PBXContainerItemProxy section */
		D261719F303DC8E300DDF798 /* PBXContainerItemProxy */ = {
			isa = PBXContainerItemProxy;
			containerPortal = D261713F303DC6CA00DDF798 /* Project object */;
			proxyType = 1;
			remoteGlobalIDString = D261718E303DC8E100DDF798;
			remoteInfo = EndelWidgetExtension;
		};
/* End PBXContainerItemProxy section */

/* Begin PBXCopyFilesBuildPhase section */
		D26171A6303DC8E300DDF798 /* Embed Foundation Extensions */ = {
			isa = PBXCopyFilesBuildPhase;
			buildActionMask = 2147483647;
			dstPath = "";
			dstSubfolderSpec = 13;
			files = (
				D26171A1303DC8E300DDF798 /* EndelWidgetExtension.appex in Embed Foundation Extensions */,
			);
			name = "Embed Foundation Extensions";
			runOnlyForDeploymentPostprocessing = 0;
		};
		D26171AB303DC98E00DDF798 /* Embed Frameworks */ = {
			isa = PBXCopyFilesBuildPhase;
			buildActionMask = 2147483647;
			dstPath = "";
			dstSubfolderSpec = 10;
			files = (
				D26171AA303DC98E00DDF798 /* Limooonik.xcframework in Embed Frameworks */,
			);
			name = "Embed Frameworks";
			runOnlyForDeploymentPostprocessing = 0;
		};
/* End PBXCopyFilesBuildPhase section */

/* Begin PBXFileReference section */
		D2617147303DC6CA00DDF798 /* Endel.app */ = {isa = PBXFileReference; explicitFileType = wrapper.application; includeInIndex = 0; path = Endel.app; sourceTree = BUILT_PRODUCTS_DIR; };
		D261714A303DC6CA00DDF798 /* EndelApp.swift */ = {isa = PBXFileReference; lastKnownFileType = sourcecode.swift; path = EndelApp.swift; sourceTree = "<group>"; };
		D261714C303DC6CA00DDF798 /* ContentView.swift */ = {isa = PBXFileReference; lastKnownFileType = sourcecode.swift; path = ContentView.swift; sourceTree = "<group>"; };
		D261718F303DC8E100DDF798 /* EndelWidgetExtension.appex */ = {isa = PBXFileReference; explicitFileType = "wrapper.app-extension"; includeInIndex = 0; path = EndelWidgetExtension.appex; sourceTree = BUILT_PRODUCTS_DIR; };
		D2617191303DC8E100DDF798 /* WidgetKit.framework */ = {isa = PBXFileReference; lastKnownFileType = wrapper.framework; name = WidgetKit.framework; path = System/Library/Frameworks/WidgetKit.framework; sourceTree = SDKROOT; };
		D2617193303DC8E100DDF798 /* SwiftUI.framework */ = {isa = PBXFileReference; lastKnownFileType = wrapper.framework; name = SwiftUI.framework; path = System/Library/Frameworks/SwiftUI.framework; sourceTree = SDKROOT; };
		D26171A7303DC94500DDF798 /* Limooonik.xcframework */ = {isa = PBXFileReference; lastKnownFileType = wrapper.xcframework; path = Limooonik.xcframework; sourceTree = "<group>"; };
/* End PBXFileReference section */

/* Begin PBXFileSystemSynchronizedBuildFileExceptionSet section */
		D26171A2303DC8E300DDF798 /* Exceptions for "EndelWidget" folder in "EndelWidgetExtension" target */ = {
			isa = PBXFileSystemSynchronizedBuildFileExceptionSet;
			membershipExceptions = (
				Info.plist,
			);
			target = D261718E303DC8E100DDF798 /* EndelWidgetExtension */;
		};
		D26171AF303DC9B100DDF798 /* Exceptions for "Endel" folder in "EndelWidgetExtension" target */ = {
			isa = PBXFileSystemSynchronizedBuildFileExceptionSet;
			membershipExceptions = (
				ChangeSettings.swift,
				EndelWidget.swift,
				EndelWidgetsBundle.swift,
			);
			target = D261718E303DC8E100DDF798 /* EndelWidgetExtension */;
		};
		D26171DA303DCAAA00DDF798 /* Exceptions for "Endel" folder in "Endel" target */ = {
			isa = PBXFileSystemSynchronizedBuildFileExceptionSet;
			membershipExceptions = (
				ChangeSettings.swift,
				EndelWidget.swift,
				EndelWidgetsBundle.swift,
			);
			target = D2617146303DC6CA00DDF798 /* Endel */;
		};
/* End PBXFileSystemSynchronizedBuildFileExceptionSet section */

/* Begin PBXFileSystemSynchronizedRootGroup section */
		D2617149303DC6CA00DDF798 /* Endel */ = {
			isa = PBXFileSystemSynchronizedRootGroup;
			exceptions = (
				D26171DA303DCAAA00DDF798 /* Exceptions for "Endel" folder in "Endel" target */,
				D26171AF303DC9B100DDF798 /* Exceptions for "Endel" folder in "EndelWidgetExtension" target */,
			);
			path = Endel;
			sourceTree = "<group>";
		};
		D2617195303DC8E100DDF798 /* EndelWidget */ = {
			isa = PBXFileSystemSynchronizedRootGroup;
			exceptions = (
				D26171A2303DC8E300DDF798 /* Exceptions for "EndelWidget" folder in "EndelWidgetExtension" target */,
			);
			path = EndelWidget;
			sourceTree = "<group>";
		};
/* End PBXFileSystemSynchronizedRootGroup section */

/* Begin PBXFrameworksBuildPhase section */
		D2617144303DC6CA00DDF798 /* Frameworks */ = {
			isa = PBXFrameworksBuildPhase;
			buildActionMask = 2147483647;
			files = (
				D26171A9303DC98E00DDF798 /* Limooonik.xcframework in Frameworks */,
			);
			runOnlyForDeploymentPostprocessing = 0;
		};
		D261718C303DC8E100DDF798 /* Frameworks */ = {
			isa = PBXFrameworksBuildPhase;
			buildActionMask = 2147483647;
			files = (
				D2617194303DC8E100DDF798 /* SwiftUI.framework in Frameworks */,
				D2617192303DC8E100DDF798 /* WidgetKit.framework in Frameworks */,
				D26171A8303DC94500DDF798 /* Limooonik.xcframework in Frameworks */,
			);
			runOnlyForDeploymentPostprocessing = 0;
		};
/* End PBXFrameworksBuildPhase section */

/* Begin PBXGroup section */
		D261713E303DC6CA00DDF798 = {
			isa = PBXGroup;
			children = (
				D261714C303DC6CA00DDF798 /* ContentView.swift */,
				D261714A303DC6CA00DDF798 /* EndelApp.swift */,
				D2617149303DC6CA00DDF798 /* Endel */,
				D2617195303DC8E100DDF798 /* EndelWidget */,
				D2617190303DC8E100DDF798 /* Frameworks */,
				D2617148303DC6CA00DDF798 /* Products */,
			);
			sourceTree = "<group>";
		};
		D2617148303DC6CA00DDF798 /* Products */ = {
			isa = PBXGroup;
			children = (
				D2617147303DC6CA00DDF798 /* Endel.app */,
				D261718F303DC8E100DDF798 /* EndelWidgetExtension.appex */,
			);
			name = Products;
			sourceTree = "<group>";
		};
		D2617190303DC8E100DDF798 /* Frameworks */ = {
			isa = PBXGroup;
			children = (
				D2617191303DC8E100DDF798 /* WidgetKit.framework */,
				D2617193303DC8E100DDF798 /* SwiftUI.framework */,
				D26171A7303DC94500DDF798 /* Limooonik.xcframework */,
			);
			name = Frameworks;
			sourceTree = "<group>";
		};
/* End PBXGroup section */

/* Begin PBXNativeTarget section */
		D2617146303DC6CA00DDF798 /* Endel */ = {
			isa = PBXNativeTarget;
			buildConfigurationList = D2617152303DC6CC00DDF798 /* Build configuration list for PBXNativeTarget "Endel" */;
			buildPhases = (
				D2617143303DC6CA00DDF798 /* Sources */,
				D2617144303DC6CA00DDF798 /* Frameworks */,
				D2617145303DC6CA00DDF798 /* Resources */,
				D26171A6303DC8E300DDF798 /* Embed Foundation Extensions */,
				D26171AB303DC98E00DDF798 /* Embed Frameworks */,
			);
			buildRules = (
			);
			dependencies = (
				D26171A0303DC8E300DDF798 /* PBXTargetDependency */,
			);
			fileSystemSynchronizedGroups = (
				D2617149303DC6CA00DDF798 /* Endel */,
			);
			name = Endel;
			packageProductDependencies = (
			);
			productName = Endel;
			productReference = D2617147303DC6CA00DDF798 /* Endel.app */;
			productType = "com.apple.product-type.application";
		};
		D261718E303DC8E100DDF798 /* EndelWidgetExtension */ = {
			isa = PBXNativeTarget;
			buildConfigurationList = D26171A3303DC8E300DDF798 /* Build configuration list for PBXNativeTarget "EndelWidgetExtension" */;
			buildPhases = (
				D261718B303DC8E100DDF798 /* Sources */,
				D261718C303DC8E100DDF798 /* Frameworks */,
				D261718D303DC8E100DDF798 /* Resources */,
			);
			buildRules = (
			);
			dependencies = (
			);
			fileSystemSynchronizedGroups = (
				D2617195303DC8E100DDF798 /* EndelWidget */,
			);
			name = EndelWidgetExtension;
			packageProductDependencies = (
			);
			productName = EndelWidgetExtension;
			productReference = D261718F303DC8E100DDF798 /* EndelWidgetExtension.appex */;
			productType = "com.apple.product-type.app-extension";
		};
/* End PBXNativeTarget section */

/* Begin PBXProject section */
		D261713F303DC6CA00DDF798 /* Project object */ = {
			isa = PBXProject;
			attributes = {
				BuildIndependentTargetsInParallel = 1;
				LastSwiftUpdateCheck = 2660;
				LastUpgradeCheck = 2660;
				TargetAttributes = {
					D2617146303DC6CA00DDF798 = {
						CreatedOnToolsVersion = 26.6;
					};
					D261718E303DC8E100DDF798 = {
						CreatedOnToolsVersion = 26.6;
						LastSwiftMigration = 2660;
					};
				};
			};
			buildConfigurationList = D2617142303DC6CA00DDF798 /* Build configuration list for PBXProject "Endel" */;
			developmentRegion = en;
			hasScannedForEncodings = 0;
			knownRegions = (
				en,
				Base,
			);
			mainGroup = D261713E303DC6CA00DDF798;
			minimizedProjectReferenceProxies = 1;
			preferredProjectObjectVersion = 77;
			productRefGroup = D2617148303DC6CA00DDF798 /* Products */;
			projectDirPath = "";
			projectRoot = "";
			targets = (
				D2617146303DC6CA00DDF798 /* Endel */,
				D261718E303DC8E100DDF798 /* EndelWidgetExtension */,
			);
		};
/* End PBXProject section */

/* Begin PBXResourcesBuildPhase section */
		D2617145303DC6CA00DDF798 /* Resources */ = {
			isa = PBXResourcesBuildPhase;
			buildActionMask = 2147483647;
			files = (
			);
			runOnlyForDeploymentPostprocessing = 0;
		};
		D261718D303DC8E100DDF798 /* Resources */ = {
			isa = PBXResourcesBuildPhase;
			buildActionMask = 2147483647;
			files = (
			);
			runOnlyForDeploymentPostprocessing = 0;
		};
/* End PBXResourcesBuildPhase section */

/* Begin PBXSourcesBuildPhase section */
		D2617143303DC6CA00DDF798 /* Sources */ = {
			isa = PBXSourcesBuildPhase;
			buildActionMask = 2147483647;
			files = (
				D261714D303DC6CA00DDF798 /* ContentView.swift in Sources */,
				D261714B303DC6CA00DDF798 /* EndelApp.swift in Sources */,
			);
			runOnlyForDeploymentPostprocessing = 0;
		};
		D261718B303DC8E100DDF798 /* Sources */ = {
			isa = PBXSourcesBuildPhase;
			buildActionMask = 2147483647;
			files = (
			);
			runOnlyForDeploymentPostprocessing = 0;
		};
/* End PBXSourcesBuildPhase section */

/* Begin PBXTargetDependency section */
		D26171A0303DC8E300DDF798 /* PBXTargetDependency */ = {
			isa = PBXTargetDependency;
			target = D261718E303DC8E100DDF798 /* EndelWidgetExtension */;
			targetProxy = D261719F303DC8E300DDF798 /* PBXContainerItemProxy */;
		};
/* End PBXTargetDependency section */

/* Begin XCBuildConfiguration section */
		D2617150303DC6CC00DDF798 /* Debug */ = {
			isa = XCBuildConfiguration;
			buildSettings = {
				ALWAYS_SEARCH_USER_PATHS = NO;
				ASSETCATALOG_COMPILER_GENERATE_SWIFT_ASSET_SYMBOL_EXTENSIONS = YES;
				CLANG_ANALYZER_NONNULL = YES;
				CLANG_ANALYZER_NUMBER_OBJECT_CONVERSION = YES_AGGRESSIVE;
				CLANG_CXX_LANGUAGE_STANDARD = "gnu++20";
				CLANG_ENABLE_MODULES = YES;
				CLANG_ENABLE_OBJC_ARC = YES;
				CLANG_ENABLE_OBJC_WEAK = YES;
				CLANG_WARN_BLOCK_CAPTURE_AUTORELEASING = YES;
				CLANG_WARN_BOOL_CONVERSION = YES;
				CLANG_WARN_COMMA = YES;
				CLANG_WARN_CONSTANT_CONVERSION = YES;
				CLANG_WARN_DEPRECATED_OBJC_IMPLEMENTATIONS = YES;
				CLANG_WARN_DIRECT_OBJC_ISA_USAGE = YES_ERROR;
				CLANG_WARN_DOCUMENTATION_COMMENTS = YES;
				CLANG_WARN_EMPTY_BODY = YES;
				CLANG_WARN_ENUM_CONVERSION = YES;
				CLANG_WARN_INFINITE_RECURSION = YES;
				CLANG_WARN_INT_CONVERSION = YES;
				CLANG_WARN_NON_LITERAL_NULL_CONVERSION = YES;
				CLANG_WARN_OBJC_IMPLICIT_RETAIN_SELF = YES;
				CLANG_WARN_OBJC_LITERAL_CONVERSION = YES;
				CLANG_WARN_OBJC_ROOT_CLASS = YES_ERROR;
				CLANG_WARN_QUOTED_INCLUDE_IN_FRAMEWORK_HEADER = YES;
				CLANG_WARN_RANGE_LOOP_ANALYSIS = YES;
				CLANG_WARN_STRICT_PROTOTYPES = YES;
				CLANG_WARN_SUSPICIOUS_MOVE = YES;
				CLANG_WARN_UNGUARDED_AVAILABILITY = YES_AGGRESSIVE;
				CLANG_WARN_UNREACHABLE_CODE = YES;
				CLANG_WARN__DUPLICATE_METHOD_MATCH = YES;
				COPY_PHASE_STRIP = NO;
				DEBUG_INFORMATION_FORMAT = dwarf;
				DEVELOPMENT_TEAM = UZLZLP73X2;
				ENABLE_STRICT_OBJC_MSGSEND = YES;
				ENABLE_TESTABILITY = YES;
				ENABLE_USER_SCRIPT_SANDBOXING = YES;
				GCC_C_LANGUAGE_STANDARD = gnu17;
				GCC_DYNAMIC_NO_PIC = NO;
				GCC_NO_COMMON_BLOCKS = YES;
				GCC_OPTIMIZATION_LEVEL = 0;
				GCC_PREPROCESSOR_DEFINITIONS = (
					"DEBUG=1",
					"$(inherited)",
				);
				GCC_WARN_64_TO_32_BIT_CONVERSION = YES;
				GCC_WARN_ABOUT_RETURN_TYPE = YES_ERROR;
				GCC_WARN_UNDECLARED_SELECTOR = YES;
				GCC_WARN_UNINITIALIZED_AUTOS = YES_AGGRESSIVE;
				GCC_WARN_UNUSED_FUNCTION = YES;
				GCC_WARN_UNUSED_VARIABLE = YES;
				IPHONEOS_DEPLOYMENT_TARGET = 26.5;
				LOCALIZATION_PREFERS_STRING_CATALOGS = YES;
				MTL_ENABLE_DEBUG_INFO = INCLUDE_SOURCE;
				MTL_FAST_MATH = YES;
				ONLY_ACTIVE_ARCH = YES;
				SDKROOT = iphoneos;
				SWIFT_ACTIVE_COMPILATION_CONDITIONS = "DEBUG $(inherited)";
				SWIFT_OPTIMIZATION_LEVEL = "-Onone";
			};
			name = Debug;
		};
		D2617151303DC6CC00DDF798 /* Release */ = {
			isa = XCBuildConfiguration;
			buildSettings = {
				ALWAYS_SEARCH_USER_PATHS = NO;
				ASSETCATALOG_COMPILER_GENERATE_SWIFT_ASSET_SYMBOL_EXTENSIONS = YES;
				CLANG_ANALYZER_NONNULL = YES;
				CLANG_ANALYZER_NUMBER_OBJECT_CONVERSION = YES_AGGRESSIVE;
				CLANG_CXX_LANGUAGE_STANDARD = "gnu++20";
				CLANG_ENABLE_MODULES = YES;
				CLANG_ENABLE_OBJC_ARC = YES;
				CLANG_ENABLE_OBJC_WEAK = YES;
				CLANG_WARN_BLOCK_CAPTURE_AUTORELEASING = YES;
				CLANG_WARN_BOOL_CONVERSION = YES;
				CLANG_WARN_COMMA = YES;
				CLANG_WARN_CONSTANT_CONVERSION = YES;
				CLANG_WARN_DEPRECATED_OBJC_IMPLEMENTATIONS = YES;
				CLANG_WARN_DIRECT_OBJC_ISA_USAGE = YES_ERROR;
				CLANG_WARN_DOCUMENTATION_COMMENTS = YES;
				CLANG_WARN_EMPTY_BODY = YES;
				CLANG_WARN_ENUM_CONVERSION = YES;
				CLANG_WARN_INFINITE_RECURSION = YES;
				CLANG_WARN_INT_CONVERSION = YES;
				CLANG_WARN_NON_LITERAL_NULL_CONVERSION = YES;
				CLANG_WARN_OBJC_IMPLICIT_RETAIN_SELF = YES;
				CLANG_WARN_OBJC_LITERAL_CONVERSION = YES;
				CLANG_WARN_OBJC_ROOT_CLASS = YES_ERROR;
				CLANG_WARN_QUOTED_INCLUDE_IN_FRAMEWORK_HEADER = YES;
				CLANG_WARN_RANGE_LOOP_ANALYSIS = YES;
				CLANG_WARN_STRICT_PROTOTYPES = YES;
				CLANG_WARN_SUSPICIOUS_MOVE = YES;
				CLANG_WARN_UNGUARDED_AVAILABILITY = YES_AGGRESSIVE;
				CLANG_WARN_UNREACHABLE_CODE = YES;
				CLANG_WARN__DUPLICATE_METHOD_MATCH = YES;
				COPY_PHASE_STRIP = NO;
				DEBUG_INFORMATION_FORMAT = "dwarf-with-dsym";
				DEVELOPMENT_TEAM = UZLZLP73X2;
				ENABLE_NS_ASSERTIONS = NO;
				ENABLE_STRICT_OBJC_MSGSEND = YES;
				ENABLE_USER_SCRIPT_SANDBOXING = YES;
				GCC_C_LANGUAGE_STANDARD = gnu17;
				GCC_NO_COMMON_BLOCKS = YES;
				GCC_WARN_64_TO_32_BIT_CONVERSION = YES;
				GCC_WARN_ABOUT_RETURN_TYPE = YES_ERROR;
				GCC_WARN_UNDECLARED_SELECTOR = YES;
				GCC_WARN_UNINITIALIZED_AUTOS = YES_AGGRESSIVE;
				GCC_WARN_UNUSED_FUNCTION = YES;
				GCC_WARN_UNUSED_VARIABLE = YES;
				IPHONEOS_DEPLOYMENT_TARGET = 26.5;
				LOCALIZATION_PREFERS_STRING_CATALOGS = YES;
				MTL_ENABLE_DEBUG_INFO = NO;
				MTL_FAST_MATH = YES;
				SDKROOT = iphoneos;
				SWIFT_COMPILATION_MODE = wholemodule;
				VALIDATE_PRODUCT = YES;
			};
			name = Release;
		};
		D2617153303DC6CC00DDF798 /* Debug */ = {
			isa = XCBuildConfiguration;
			buildSettings = {
				ASSETCATALOG_COMPILER_APPICON_NAME = AppIcon;
				ASSETCATALOG_COMPILER_GLOBAL_ACCENT_COLOR_NAME = AccentColor;
				CODE_SIGN_STYLE = Automatic;
				CURRENT_PROJECT_VERSION = 1;
				DEVELOPMENT_TEAM = "";
				ENABLE_PREVIEWS = YES;
				GENERATE_INFOPLIST_FILE = YES;
				INFOPLIST_KEY_UIApplicationSceneManifest_Generation = YES;
				INFOPLIST_KEY_UIApplicationSupportsIndirectInputEvents = YES;
				INFOPLIST_KEY_UILaunchScreen_Generation = YES;
				INFOPLIST_KEY_UISupportedInterfaceOrientations_iPad = "UIInterfaceOrientationPortrait UIInterfaceOrientationPortraitUpsideDown UIInterfaceOrientationLandscapeLeft UIInterfaceOrientationLandscapeRight";
				INFOPLIST_KEY_UISupportedInterfaceOrientations_iPhone = "UIInterfaceOrientationPortrait UIInterfaceOrientationLandscapeLeft UIInterfaceOrientationLandscapeRight";
				LD_RUNPATH_SEARCH_PATHS = (
					"$(inherited)",
					"@executable_path/Frameworks",
				);
				MARKETING_VERSION = 1.0;
				PRODUCT_BUNDLE_IDENTIFIER = LimooonikMac.Endel;
				PRODUCT_NAME = "$(TARGET_NAME)";
				STRING_CATALOG_GENERATE_SYMBOLS = YES;
				SWIFT_APPROACHABLE_CONCURRENCY = YES;
				SWIFT_DEFAULT_ACTOR_ISOLATION = MainActor;
				SWIFT_EMIT_LOC_STRINGS = YES;
				SWIFT_UPCOMING_FEATURE_MEMBER_IMPORT_VISIBILITY = YES;
				SWIFT_VERSION = 5.0;
				TARGETED_DEVICE_FAMILY = "1,2";
			};
			name = Debug;
		};
		D2617154303DC6CC00DDF798 /* Release */ = {
			isa = XCBuildConfiguration;
			buildSettings = {
				ASSETCATALOG_COMPILER_APPICON_NAME = AppIcon;
				ASSETCATALOG_COMPILER_GLOBAL_ACCENT_COLOR_NAME = AccentColor;
				CODE_SIGN_STYLE = Automatic;
				CURRENT_PROJECT_VERSION = 1;
				DEVELOPMENT_TEAM = "";
				ENABLE_PREVIEWS = YES;
				GENERATE_INFOPLIST_FILE = YES;
				INFOPLIST_KEY_UIApplicationSceneManifest_Generation = YES;
				INFOPLIST_KEY_UIApplicationSupportsIndirectInputEvents = YES;
				INFOPLIST_KEY_UILaunchScreen_Generation = YES;
				INFOPLIST_KEY_UISupportedInterfaceOrientations_iPad = "UIInterfaceOrientationPortrait UIInterfaceOrientationPortraitUpsideDown UIInterfaceOrientationLandscapeLeft UIInterfaceOrientationLandscapeRight";
				INFOPLIST_KEY_UISupportedInterfaceOrientations_iPhone = "UIInterfaceOrientationPortrait UIInterfaceOrientationLandscapeLeft UIInterfaceOrientationLandscapeRight";
				LD_RUNPATH_SEARCH_PATHS = (
					"$(inherited)",
					"@executable_path/Frameworks",
				);
				MARKETING_VERSION = 1.0;
				PRODUCT_BUNDLE_IDENTIFIER = LimooonikMac.Endel;
				PRODUCT_NAME = "$(TARGET_NAME)";
				STRING_CATALOG_GENERATE_SYMBOLS = YES;
				SWIFT_APPROACHABLE_CONCURRENCY = YES;
				SWIFT_DEFAULT_ACTOR_ISOLATION = MainActor;
				SWIFT_EMIT_LOC_STRINGS = YES;
				SWIFT_UPCOMING_FEATURE_MEMBER_IMPORT_VISIBILITY = YES;
				SWIFT_VERSION = 5.0;
				TARGETED_DEVICE_FAMILY = "1,2";
			};
			name = Release;
		};
		D26171A4303DC8E300DDF798 /* Debug */ = {
			isa = XCBuildConfiguration;
			buildSettings = {
				ASSETCATALOG_COMPILER_GLOBAL_ACCENT_COLOR_NAME = AccentColor;
				ASSETCATALOG_COMPILER_WIDGET_BACKGROUND_COLOR_NAME = WidgetBackground;
				CLANG_ENABLE_MODULES = YES;
				CODE_SIGN_STYLE = Automatic;
				CURRENT_PROJECT_VERSION = 1;
				DEVELOPMENT_TEAM = "";
				GENERATE_INFOPLIST_FILE = YES;
				INFOPLIST_FILE = EndelWidget/Info.plist;
				INFOPLIST_KEY_CFBundleDisplayName = EndelWidget;
				INFOPLIST_KEY_NSHumanReadableCopyright = "";
				LD_RUNPATH_SEARCH_PATHS = (
					"$(inherited)",
					"@executable_path/Frameworks",
					"@executable_path/../../Frameworks",
				);
				MARKETING_VERSION = 1.0;
				PRODUCT_BUNDLE_IDENTIFIER = LimooonikMac.Endel.EndelWidget;
				PRODUCT_NAME = "$(TARGET_NAME)";
				SKIP_INSTALL = YES;
				STRING_CATALOG_GENERATE_SYMBOLS = YES;
				SWIFT_APPROACHABLE_CONCURRENCY = YES;
				SWIFT_EMIT_LOC_STRINGS = YES;
				SWIFT_OPTIMIZATION_LEVEL = "-Onone";
				SWIFT_UPCOMING_FEATURE_MEMBER_IMPORT_VISIBILITY = YES;
				SWIFT_VERSION = 5.0;
				TARGETED_DEVICE_FAMILY = "1,2";
			};
			name = Debug;
		};
		D26171A5303DC8E300DDF798 /* Release */ = {
			isa = XCBuildConfiguration;
			buildSettings = {
				ASSETCATALOG_COMPILER_GLOBAL_ACCENT_COLOR_NAME = AccentColor;
				ASSETCATALOG_COMPILER_WIDGET_BACKGROUND_COLOR_NAME = WidgetBackground;
				CLANG_ENABLE_MODULES = YES;
				CODE_SIGN_STYLE = Automatic;
				CURRENT_PROJECT_VERSION = 1;
				DEVELOPMENT_TEAM = "";
				GENERATE_INFOPLIST_FILE = YES;
				INFOPLIST_FILE = EndelWidget/Info.plist;
				INFOPLIST_KEY_CFBundleDisplayName = EndelWidget;
				INFOPLIST_KEY_NSHumanReadableCopyright = "";
				LD_RUNPATH_SEARCH_PATHS = (
					"$(inherited)",
					"@executable_path/Frameworks",
					"@executable_path/../../Frameworks",
				);
				MARKETING_VERSION = 1.0;
				PRODUCT_BUNDLE_IDENTIFIER = LimooonikMac.Endel.EndelWidget;
				PRODUCT_NAME = "$(TARGET_NAME)";
				SKIP_INSTALL = YES;
				STRING_CATALOG_GENERATE_SYMBOLS = YES;
				SWIFT_APPROACHABLE_CONCURRENCY = YES;
				SWIFT_EMIT_LOC_STRINGS = YES;
				SWIFT_UPCOMING_FEATURE_MEMBER_IMPORT_VISIBILITY = YES;
				SWIFT_VERSION = 5.0;
				TARGETED_DEVICE_FAMILY = "1,2";
			};
			name = Release;
		};
/* End XCBuildConfiguration section */

/* Begin XCConfigurationList section */
		D2617142303DC6CA00DDF798 /* Build configuration list for PBXProject "Endel" */ = {
			isa = XCConfigurationList;
			buildConfigurations = (
				D2617150303DC6CC00DDF798 /* Debug */,
				D2617151303DC6CC00DDF798 /* Release */,
			);
			defaultConfigurationIsVisible = 0;
			defaultConfigurationName = Release;
		};
		D2617152303DC6CC00DDF798 /* Build configuration list for PBXNativeTarget "Endel" */ = {
			isa = XCConfigurationList;
			buildConfigurations = (
				D2617153303DC6CC00DDF798 /* Debug */,
				D2617154303DC6CC00DDF798 /* Release */,
			);
			defaultConfigurationIsVisible = 0;
			defaultConfigurationName = Release;
		};
		D26171A3303DC8E300DDF798 /* Build configuration list for PBXNativeTarget "EndelWidgetExtension" */ = {
			isa = XCConfigurationList;
			buildConfigurations = (
				D26171A4303DC8E300DDF798 /* Debug */,
				D26171A5303DC8E300DDF798 /* Release */,
			);
			defaultConfigurationIsVisible = 0;
			defaultConfigurationName = Release;
		};
/* End XCConfigurationList section */
	};
	rootObject = D261713F303DC6CA00DDF798 /* Project object */;
}
